
Microsoft Visual Studio Solution File, Format Version 12.00
# Visual Studio Version 16
VisualStudioVersion = 16.0.30309.148
MinimumVisualStudioVersion = 10.0.40219.1
Project("{9092AA53-FB77-4645-B42D-1CCCA6BD08BD}") = "Elsa", "Elsa.njsproj", "{0B432539-029E-4EF0-BEE2-7C4AF92F5AED}"
EndProject
Global
	GlobalSection(SolutionConfigurationPlatforms) = preSolution
		Debug|Any CPU = Debug|Any CPU
		Release|Any CPU = Release|Any CPU
	EndGlobalSection
	GlobalSection(ProjectConfigurationPlatforms) = postSolution
		{0B432539-029E-4EF0-BEE2-7C4AF92F5AED}.Debug|Any CPU.ActiveCfg = Debug|Any CPU
		{0B432539-029E-4EF0-BEE2-7C4AF92F5AED}.Debug|Any CPU.Build.0 = Debug|Any CPU
		{0B432539-029E-4EF0-BEE2-7C4AF92F5AED}.Release|Any CPU.ActiveCfg = Release|Any CPU
		{0B432539-029E-4EF0-BEE2-7C4AF92F5AED}.Release|Any CPU.Build.0 = Release|Any CPU
	EndGlobalSection
	GlobalSection(SolutionProperties) = preSolution
		HideSolutionNode = FALSE
	EndGlobalSection
	GlobalSection(ExtensibilityGlobals) = postSolution
		SolutionGuid = {EF90696B-F221-4D09-B015-5DAE43B2AD5B}
	EndGlobalSection
EndGlobal
